{
  "name": "lesson-w",
  "version": "1.0.0",
  "lockfileVersion": 1,
  "requires": true,
  "dependencies": {
    "array-uniq": {
      "version": "1.0.2",
      "resolved": "https://registry.npmjs.org/array-uniq/-/array-uniq-1.0.2.tgz",
      "integrity": "sha1-X8w3OSB3VyPP1k1lxkvvU7+eum0="
    },
    "random": {
      "version": "3.0.3",
      "resolved": "https://registry.npmjs.org/random/-/random-3.0.3.tgz",
      "integrity": "sha512-Ppz8eI5oYbzC0dQKW3oSFFtyKnh7B1kN1kD7s6J545/aq+R1+YcqQEDJ5AZ0di3wYWbFV9otf5MaHJAhYH56Fw==",
      "requires": {
        "seedrandom": "^3.0.5"
      }
    },
    "randomstring": {
      "version": "1.1.5",
      "resolved": "https://registry.npmjs.org/randomstring/-/randomstring-1.1.5.tgz",
      "integrity": "sha1-bfBij3XL1ZMpMNn+OrTpVqGFGMM=",
      "requires": {
        "array-uniq": "1.0.2"
      }
    },
    "seedrandom": {
      "version": "3.0.5",
      "resolved": "https://registry.npmjs.org/seedrandom/-/seedrandom-3.0.5.tgz",
      "integrity": "sha512-8OwmbklUNzwezjGInmZ+2clQmExQPvomqjL7LFqOYqtmuxRgQYqOD3mHaU+MvZn5FLUeVxVfQjwLZW/n/JFuqg=="
    }
  }
}
